
Microsoft Visual Studio Solution File, Format Version 12.00
# Visual Studio Version 16
VisualStudioVersion = 16.0.30225.117
MinimumVisualStudioVersion = 10.0.40219.1
Project("{FAE04EC0-301F-11D3-BF4B-00C04F79EFBC}") = "SalesWebService", "SalesWebService\SalesWebService.csproj", "{355BA6FB-A807-45CE-98AB-FB805FD3D374}"
EndProject
Global
	GlobalSection(SolutionConfigurationPlatforms) = preSolution
		Debug|Any CPU = Debug|Any CPU
		Release|Any CPU = Release|Any CPU
	EndGlobalSection
	GlobalSection(ProjectConfigurationPlatforms) = postSolution
		{355BA6FB-A807-45CE-98AB-FB805FD3D374}.Debug|Any CPU.ActiveCfg = Debug|Any CPU
		{355BA6FB-A807-45CE-98AB-FB805FD3D374}.Debug|Any CPU.Build.0 = Debug|Any CPU
		{355BA6FB-A807-45CE-98AB-FB805FD3D374}.Release|Any CPU.ActiveCfg = Release|Any CPU
		{355BA6FB-A807-45CE-98AB-FB805FD3D374}.Release|Any CPU.Build.0 = Release|Any CPU
	EndGlobalSection
	GlobalSection(SolutionProperties) = preSolution
		HideSolutionNode = FALSE
	EndGlobalSection
	GlobalSection(ExtensibilityGlobals) = postSolution
		SolutionGuid = {3177A156-A7A3-42F6-864B-5CC9F4E36160}
	EndGlobalSection
EndGlobal
